
Microsoft Visual Studio Solution File, Format Version 12.00
# Visual Studio 15
VisualStudioVersion = 15.0.28307.757
MinimumVisualStudioVersion = 10.0.40219.1
Project("{9A19103F-16F7-4668-BE54-9A1E7A4F7556}") = "LansBossArenaBuffs", "LansBossArenaBuffs.csproj", "{27550971-CDCC-4F01-8276-042B544DC8CA}"
EndProject
Global
	GlobalSection(SolutionConfigurationPlatforms) = preSolution
		Debug|Any CPU = Debug|Any CPU
		Release|Any CPU = Release|Any CPU
	EndGlobalSection
	GlobalSection(ProjectConfigurationPlatforms) = postSolution
		{27550971-CDCC-4F01-8276-042B544DC8CA}.Debug|Any CPU.ActiveCfg = Debug|Any CPU
		{27550971-CDCC-4F01-8276-042B544DC8CA}.Debug|Any CPU.Build.0 = Debug|Any CPU
		{27550971-CDCC-4F01-8276-042B544DC8CA}.Release|Any CPU.ActiveCfg = Release|Any CPU
		{27550971-CDCC-4F01-8276-042B544DC8CA}.Release|Any CPU.Build.0 = Release|Any CPU
	EndGlobalSection
	GlobalSection(SolutionProperties) = preSolution
		HideSolutionNode = FALSE
	EndGlobalSection
	GlobalSection(ExtensibilityGlobals) = postSolution
		SolutionGuid = {9EAC6A06-9D8E-4E50-B3B0-9377784BF0A8}
	EndGlobalSection
EndGlobal
